github.com/shuLhan/share v0.40.0 h1:C0c1lfKLzogUStIiYJecoTTP9TrEDMz64la1Y1l8Wl0=
github.com/shuLhan/share v0.40.0/go.mod h1:hb3Kis5s4jPume4YD15JELE67naFybtuALshhh9TlOg=
golang.org/x/sys v0.0.0-20220715151400-c0bba94af5f8 h1:0A+M6Uqn+Eje4kHMK80dtF3JCXC4ykBgQG4Fe06QRhQ=
golang.org/x/sys v0.0.0-20220715151400-c0bba94af5f8/go.mod h1:oPkhp1MJrh7nUepCBck5+mAzfO9JrbApNNgaTdGDITg=
